
Microsoft Visual Studio Solution File, Format Version 12.00
# Visual Studio 15
Project("{FAE04EC0-301F-11D3-BF4B-00C04F79EFBC}") = "Spoj_PRIME_T", "Spoj_PRIME_T\Spoj_PRIME_T.csproj", "{8B980819-2C16-4377-9653-937AA1234343}"
EndProject
Global
	GlobalSection(SolutionConfigurationPlatforms) = preSolution
		Debug|x86 = Debug|x86
		Release|x86 = Release|x86
	EndGlobalSection
	GlobalSection(ProjectConfigurationPlatforms) = postSolution
		{8B980819-2C16-4377-9653-937AA1234343}.Debug|x86.ActiveCfg = Debug|x86
		{8B980819-2C16-4377-9653-937AA1234343}.Debug|x86.Build.0 = Debug|x86
		{8B980819-2C16-4377-9653-937AA1234343}.Release|x86.ActiveCfg = Release|x86
		{8B980819-2C16-4377-9653-937AA1234343}.Release|x86.Build.0 = Release|x86
	EndGlobalSection
EndGlobal
